
Microsoft Visual Studio Solution File, Format Version 12.00
# Visual Studio Version 17
VisualStudioVersion = 17.12.35707.178 d17.12
MinimumVisualStudioVersion = 10.0.40219.1
Project("{FAE04EC0-301F-11D3-BF4B-00C04F79EFBC}") = "Prog1_CSharp_Tarea6_Edwin saul_2024-1723_Viernes", "Prog1_CSharp_Tarea6_Edwin saul_2024-1723_Viernes\Prog1_CSharp_Tarea6_Edwin saul_2024-1723_Viernes.csproj", "{918DB35F-F66A-4EEC-B52A-FCAA1FA10011}"
EndProject
Global
	GlobalSection(SolutionConfigurationPlatforms) = preSolution
		Debug|Any CPU = Debug|Any CPU
		Release|Any CPU = Release|Any CPU
	EndGlobalSection
	GlobalSection(ProjectConfigurationPlatforms) = postSolution
		{918DB35F-F66A-4EEC-B52A-FCAA1FA10011}.Debug|Any CPU.ActiveCfg = Debug|Any CPU
		{918DB35F-F66A-4EEC-B52A-FCAA1FA10011}.Debug|Any CPU.Build.0 = Debug|Any CPU
		{918DB35F-F66A-4EEC-B52A-FCAA1FA10011}.Release|Any CPU.ActiveCfg = Release|Any CPU
		{918DB35F-F66A-4EEC-B52A-FCAA1FA10011}.Release|Any CPU.Build.0 = Release|Any CPU
	EndGlobalSection
	GlobalSection(SolutionProperties) = preSolution
		HideSolutionNode = FALSE
	EndGlobalSection
EndGlobal
